
Microsoft Visual Studio Solution File, Format Version 12.00
# Visual Studio Version 16
VisualStudioVersion = 25.0.1705.4
MinimumVisualStudioVersion = 10.0.40219.1
Project("{F2A71F9B-5D33-465A-A702-920D77279786}") = "Genetic", "Genetic\Genetic.fsproj", "{FFEDBE49-4AA4-421B-B9F5-0178B00F6463}"
EndProject
Global
	GlobalSection(SolutionConfigurationPlatforms) = preSolution
		Debug|Any CPU = Debug|Any CPU
		Release|Any CPU = Release|Any CPU
	EndGlobalSection
	GlobalSection(ProjectConfigurationPlatforms) = postSolution
		{FFEDBE49-4AA4-421B-B9F5-0178B00F6463}.Debug|Any CPU.ActiveCfg = Debug|Any CPU
		{FFEDBE49-4AA4-421B-B9F5-0178B00F6463}.Debug|Any CPU.Build.0 = Debug|Any CPU
		{FFEDBE49-4AA4-421B-B9F5-0178B00F6463}.Release|Any CPU.ActiveCfg = Release|Any CPU
		{FFEDBE49-4AA4-421B-B9F5-0178B00F6463}.Release|Any CPU.Build.0 = Release|Any CPU
	EndGlobalSection
	GlobalSection(SolutionProperties) = preSolution
		HideSolutionNode = FALSE
	EndGlobalSection
	GlobalSection(ExtensibilityGlobals) = postSolution
		SolutionGuid = {CC4EA667-0385-4ABB-9E2D-AC6ADBFF51AD}
	EndGlobalSection
EndGlobal
